
Microsoft Visual Studio Solution File, Format Version 12.00
# Visual Studio Version 16
VisualStudioVersion = 16.0.29728.190
MinimumVisualStudioVersion = 15.0.26124.0
Project("{FAE04EC0-301F-11D3-BF4B-00C04F79EFBC}") = "Hello.World", "Hello.World\Hello.World.csproj", "{554C3659-B20B-42A2-A71A-B71522682874}"
EndProject
Global
	GlobalSection(SolutionConfigurationPlatforms) = preSolution
		Debug|Any CPU = Debug|Any CPU
		Debug|x64 = Debug|x64
		Debug|x86 = Debug|x86
		Release|Any CPU = Release|Any CPU
		Release|x64 = Release|x64
		Release|x86 = Release|x86
	EndGlobalSection
	GlobalSection(ProjectConfigurationPlatforms) = postSolution
		{554C3659-B20B-42A2-A71A-B71522682874}.Debug|Any CPU.ActiveCfg = Debug|Any CPU
		{554C3659-B20B-42A2-A71A-B71522682874}.Debug|Any CPU.Build.0 = Debug|Any CPU
		{554C3659-B20B-42A2-A71A-B71522682874}.Debug|x64.ActiveCfg = Debug|Any CPU
		{554C3659-B20B-42A2-A71A-B71522682874}.Debug|x64.Build.0 = Debug|Any CPU
		{554C3659-B20B-42A2-A71A-B71522682874}.Debug|x86.ActiveCfg = Debug|Any CPU
		{554C3659-B20B-42A2-A71A-B71522682874}.Debug|x86.Build.0 = Debug|Any CPU
		{554C3659-B20B-42A2-A71A-B71522682874}.Release|Any CPU.ActiveCfg = Release|Any CPU
		{554C3659-B20B-42A2-A71A-B71522682874}.Release|Any CPU.Build.0 = Release|Any CPU
		{554C3659-B20B-42A2-A71A-B71522682874}.Release|x64.ActiveCfg = Release|Any CPU
		{554C3659-B20B-42A2-A71A-B71522682874}.Release|x64.Build.0 = Release|Any CPU
		{554C3659-B20B-42A2-A71A-B71522682874}.Release|x86.ActiveCfg = Release|Any CPU
		{554C3659-B20B-42A2-A71A-B71522682874}.Release|x86.Build.0 = Release|Any CPU
	EndGlobalSection
	GlobalSection(SolutionProperties) = preSolution
		HideSolutionNode = FALSE
	EndGlobalSection
	GlobalSection(ExtensibilityGlobals) = postSolution
		SolutionGuid = {219B592A-1C9E-4610-920D-84F2E7133DE0}
	EndGlobalSection
EndGlobal
